
Microsoft Visual Studio Solution File, Format Version 12.00
Project("{FAE04EC0-301F-11D3-BF4B-00C04F79EFBC}") = "AvaloniaToyProject", "AvaloniaToyProject.csproj", "{CCE5A5D9-532B-4EBE-966C-D55ED095EB95}"
EndProject
Global
	GlobalSection(SolutionConfigurationPlatforms) = preSolution
		Debug|Any CPU = Debug|Any CPU
		Release|Any CPU = Release|Any CPU
	EndGlobalSection
	GlobalSection(ProjectConfigurationPlatforms) = postSolution
		{CCE5A5D9-532B-4EBE-966C-D55ED095EB95}.Debug|Any CPU.ActiveCfg = Debug|Any CPU
		{CCE5A5D9-532B-4EBE-966C-D55ED095EB95}.Debug|Any CPU.Build.0 = Debug|Any CPU
		{CCE5A5D9-532B-4EBE-966C-D55ED095EB95}.Release|Any CPU.ActiveCfg = Release|Any CPU
		{CCE5A5D9-532B-4EBE-966C-D55ED095EB95}.Release|Any CPU.Build.0 = Release|Any CPU
	EndGlobalSection
EndGlobal
